// !$*UTF8*$!
{
	archiveVersion = 1;
	classes = {
	};
	objectVersion = 46;
	objects = {

/* Begin PBXBuildFile section */
		1A4AEA051F24C60B0045B534 /* Location.swift in Sources */ = {isa = PBXBuildFile; fileRef = 1A4AEA041F24C60B0045B534 /* Location.swift */; };
		1A6C84321F20024C00F990E2 /* OpenWeatherAPIKey.swift in Sources */ = {isa = PBXBuildFile; fileRef = 1A6C84311F20024C00F990E2 /* OpenWeatherAPIKey.swift */; };
		1A6C84341F20033F00F990E2 /* CurrentWeather.swift in Sources */ = {isa = PBXBuildFile; fileRef = 1A6C84331F20033F00F990E2 /* CurrentWeather.swift */; };
		1A98112D1F1BFA67003097E9 /* Constants.swift in Sources */ = {isa = PBXBuildFile; fileRef = 1A98112C1F1BFA67003097E9 /* Constants.swift */; };
		1AB1DEAA1F1757D800C1289D /* AppDelegate.swift in Sources */ = {isa = PBXBuildFile; fileRef = 1AB1DEA91F1757D800C1289D /* AppDelegate.swift */; };
		1AB1DEAC1F1757D800C1289D /* WeatherViewController.swift in Sources */ = {isa = PBXBuildFile; fileRef = 1AB1DEAB1F1757D800C1289D /* WeatherViewController.swift */; };
		1AB1DEAF1F1757D800C1289D /* Main.storyboard in Resources */ = {isa = PBXBuildFile; fileRef = 1AB1DEAD1F1757D800C1289D /* Main.storyboard */; };
		1AB1DEB11F1757D800C1289D /* Assets.xcassets in Resources */ = {isa = PBXBuildFile; fileRef = 1AB1DEB01F1757D800C1289D /* Assets.xcassets */; };
		1AB1DEB41F1757D800C1289D /* LaunchScreen.storyboard in Resources */ = {isa = PBXBuildFile; fileRef = 1AB1DEB21F1757D800C1289D /* LaunchScreen.storyboard */; };
		1AB1DEBF1F1757D800C1289D /* TuppenceWeatherTests.swift in Sources */ = {isa = PBXBuildFile; fileRef = 1AB1DEBE1F1757D800C1289D /* TuppenceWeatherTests.swift */; };
		1AB71CCD1F23E09A004FAB1F /* Forecasts.swift in Sources */ = {isa = PBXBuildFile; fileRef = 1AB71CCC1F23E09A004FAB1F /* Forecasts.swift */; };
		1AB71CCF1F23E4B7004FAB1F /* Forecast.swift in Sources */ = {isa = PBXBuildFile; fileRef = 1AB71CCE1F23E4B7004FAB1F /* Forecast.swift */; };
		1AF8F3A01F1BD18100AEC49F /* WeatherTableViewCell.swift in Sources */ = {isa = PBXBuildFile; fileRef = 1AF8F39F1F1BD18100AEC49F /* WeatherTableViewCell.swift */; };
		6164B8F98C081F4CD191C827 /* Pods_TuppenceWeather.framework in Frameworks */ = {isa = PBXBuildFile; fileRef = D707457C08A4697D76F66A37 /* Pods_TuppenceWeather.framework */; };
/* End PBXBuildFile section */

/* Begin PBXContainerItemProxy section */
		1AB1DEBB1F1757D800C1289D /* PBXContainerItemProxy */ = {
			isa = PBXContainerItemProxy;
			containerPortal = 1AB1DE9E1F1757D800C1289D /* Project object */;
			proxyType = 1;
			remoteGlobalIDString = 1AB1DEA51F1757D800C1289D;
			remoteInfo = TuppenceWeather;
		};
/* End PBXContainerItemProxy section */

/* Begin PBXFileReference section */
		1A4AEA041F24C60B0045B534 /* Location.swift */ = {isa = PBXFileReference; fileEncoding = 4; lastKnownFileType = sourcecode.swift; path = Location.swift; sourceTree = "<group>"; };
		1A6C84311F20024C00F990E2 /* OpenWeatherAPIKey.swift */ = {isa = PBXFileReference; fileEncoding = 4; lastKnownFileType = sourcecode.swift; path = OpenWeatherAPIKey.swift; sourceTree = "<group>"; };
		1A6C84331F20033F00F990E2 /* CurrentWeather.swift */ = {isa = PBXFileReference; fileEncoding = 4; lastKnownFileType = sourcecode.swift; path = CurrentWeather.swift; sourceTree = "<group>"; };
		1A98112C1F1BFA67003097E9 /* Constants.swift */ = {isa = PBXFileReference; fileEncoding = 4; lastKnownFileType = sourcecode.swift; path = Constants.swift; sourceTree = "<group>"; };
		1AB1DEA61F1757D800C1289D /* TuppenceWeather.app */ = {isa = PBXFileReference; explicitFileType = wrapper.application; includeInIndex = 0; path = TuppenceWeather.app; sourceTree = BUILT_PRODUCTS_DIR; };
		1AB1DEA91F1757D800C1289D /* AppDelegate.swift */ = {isa = PBXFileReference; lastKnownFileType = sourcecode.swift; path = AppDelegate.swift; sourceTree = "<group>"; };
		1AB1DEAB1F1757D800C1289D /* WeatherViewController.swift */ = {isa = PBXFileReference; lastKnownFileType = sourcecode.swift; path = WeatherViewController.swift; sourceTree = "<group>"; };
		1AB1DEAE1F1757D800C1289D /* Base */ = {isa = PBXFileReference; lastKnownFileType = file.storyboard; name = Base; path = Base.lproj/Main.storyboard; sourceTree = "<group>"; };
		1AB1DEB01F1757D800C1289D /* Assets.xcassets */ = {isa = PBXFileReference; lastKnownFileType = folder.assetcatalog; path = Assets.xcassets; sourceTree = "<group>"; };
		1AB1DEB31F1757D800C1289D /* Base */ = {isa = PBXFileReference; lastKnownFileType = file.storyboard; name = Base; path = Base.lproj/LaunchScreen.storyboard; sourceTree = "<group>"; };
		1AB1DEB51F1757D800C1289D /* Info.plist */ = {isa = PBXFileReference; lastKnownFileType = text.plist.xml; path = Info.plist; sourceTree = "<group>"; };
		1AB1DEBA1F1757D800C1289D /* TuppenceWeatherTests.xctest */ = {isa = PBXFileReference; explicitFileType = wrapper.cfbundle; includeInIndex = 0; path = TuppenceWeatherTests.xctest; sourceTree = BUILT_PRODUCTS_DIR; };
		1AB1DEBE1F1757D800C1289D /* TuppenceWeatherTests.swift */ = {isa = PBXFileReference; lastKnownFileType = sourcecode.swift; path = TuppenceWeatherTests.swift; sourceTree = "<group>"; };
		1AB1DEC01F1757D800C1289D /* Info.plist */ = {isa = PBXFileReference; lastKnownFileType = text.plist.xml; path = Info.plist; sourceTree = "<group>"; };
		1AB71CCC1F23E09A004FAB1F /* Forecasts.swift */ = {isa = PBXFileReference; fileEncoding = 4; lastKnownFileType = sourcecode.swift; path = Forecasts.swift; sourceTree = "<group>"; };
		1AB71CCE1F23E4B7004FAB1F /* Forecast.swift */ = {isa = PBXFileReference; fileEncoding = 4; lastKnownFileType = sourcecode.swift; path = Forecast.swift; sourceTree = "<group>"; };
		1AF8F39F1F1BD18100AEC49F /* WeatherTableViewCell.swift */ = {isa = PBXFileReference; fileEncoding = 4; lastKnownFileType = sourcecode.swift; path = WeatherTableViewCell.swift; sourceTree = "<group>"; };
		6C73766C9514F49CBFB6E41C /* Pods-TuppenceWeather.debug.xcconfig */ = {isa = PBXFileReference; includeInIndex = 1; lastKnownFileType = text.xcconfig; name = "Pods-TuppenceWeather.debug.xcconfig"; path = "Pods/Target Support Files/Pods-TuppenceWeather/Pods-TuppenceWeather.debug.xcconfig"; sourceTree = "<group>"; };
		B23A1A07C00F1B6D5EF1066D /* Pods-TuppenceWeather.release.xcconfig */ = {isa = PBXFileReference; includeInIndex = 1; lastKnownFileType = text.xcconfig; name = "Pods-TuppenceWeather.release.xcconfig"; path = "Pods/Target Support Files/Pods-TuppenceWeather/Pods-TuppenceWeather.release.xcconfig"; sourceTree = "<group>"; };
		D707457C08A4697D76F66A37 /* Pods_TuppenceWeather.framework */ = {isa = PBXFileReference; explicitFileType = wrapper.framework; includeInIndex = 0; path = Pods_TuppenceWeather.framework; sourceTree = BUILT_PRODUCTS_DIR; };
/* End PBXFileReference section */

/* Begin PBXFrameworksBuildPhase section */
		1AB1DEA31F1757D800C1289D /* Frameworks */ = {
			isa = PBXFrameworksBuildPhase;
			buildActionMask = 2147483647;
			files = (
				6164B8F98C081F4CD191C827 /* Pods_TuppenceWeather.framework in Frameworks */,
			);
			runOnlyForDeploymentPostprocessing = 0;
		};
		1AB1DEB71F1757D800C1289D /* Frameworks */ = {
			isa = PBXFrameworksBuildPhase;
			buildActionMask = 2147483647;
			files = (
			);
			runOnlyForDeploymentPostprocessing = 0;
		};
/* End PBXFrameworksBuildPhase section */

/* Begin PBXGroup section */
		1A9811281F1BF9C3003097E9 /* Models */ = {
			isa = PBXGroup;
			children = (
				1A6C84311F20024C00F990E2 /* OpenWeatherAPIKey.swift */,
				1A98112C1F1BFA67003097E9 /* Constants.swift */,
				1A6C84331F20033F00F990E2 /* CurrentWeather.swift */,
				1AB71CCC1F23E09A004FAB1F /* Forecasts.swift */,
				1AB71CCE1F23E4B7004FAB1F /* Forecast.swift */,
				1A4AEA041F24C60B0045B534 /* Location.swift */,
			);
			name = Models;
			sourceTree = "<group>";
		};
		1A9811291F1BF9C8003097E9 /* Views */ = {
			isa = PBXGroup;
			children = (
				1AF8F39F1F1BD18100AEC49F /* WeatherTableViewCell.swift */,
			);
			name = Views;
			sourceTree = "<group>";
		};
		1A98112A1F1BF9CD003097E9 /* Controllers */ = {
			isa = PBXGroup;
			children = (
				1AB1DEAB1F1757D800C1289D /* WeatherViewController.swift */,
			);
			name = Controllers;
			sourceTree = "<group>";
		};
		1A98112B1F1BF9D3003097E9 /* Storyboards */ = {
			isa = PBXGroup;
			children = (
				1AB1DEAD1F1757D800C1289D /* Main.storyboard */,
			);
			name = Storyboards;
			sourceTree = "<group>";
		};
		1AB1DE9D1F1757D800C1289D = {
			isa = PBXGroup;
			children = (
				1AB1DEA81F1757D800C1289D /* TuppenceWeather */,
				1AB1DEBD1F1757D800C1289D /* TuppenceWeatherTests */,
				1AB1DEA71F1757D800C1289D /* Products */,
				271775C13B3A50D69C79F468 /* Pods */,
				BE088AF5F934F617720908C2 /* Frameworks */,
			);
			sourceTree = "<group>";
		};
		1AB1DEA71F1757D800C1289D /* Products */ = {
			isa = PBXGroup;
			children = (
				1AB1DEA61F1757D800C1289D /* TuppenceWeather.app */,
				1AB1DEBA1F1757D800C1289D /* TuppenceWeatherTests.xctest */,
			);
			name = Products;
			sourceTree = "<group>";
		};
		1AB1DEA81F1757D800C1289D /* TuppenceWeather */ = {
			isa = PBXGroup;
			children = (
				1A98112B1F1BF9D3003097E9 /* Storyboards */,
				1A98112A1F1BF9CD003097E9 /* Controllers */,
				1A9811291F1BF9C8003097E9 /* Views */,
				1A9811281F1BF9C3003097E9 /* Models */,
				1AB1DEB01F1757D800C1289D /* Assets.xcassets */,
				1AB1DEC91F1757FC00C1289D /* Autogen */,
			);
			path = TuppenceWeather;
			sourceTree = "<group>";
		};
		1AB1DEBD1F1757D800C1289D /* TuppenceWeatherTests */ = {
			isa = PBXGroup;
			children = (
				1AB1DEBE1F1757D800C1289D /* TuppenceWeatherTests.swift */,
				1AB1DEC01F1757D800C1289D /* Info.plist */,
			);
			path = TuppenceWeatherTests;
			sourceTree = "<group>";
		};
		1AB1DEC91F1757FC00C1289D /* Autogen */ = {
			isa = PBXGroup;
			children = (
				1AB1DEA91F1757D800C1289D /* AppDelegate.swift */,
				1AB1DEB21F1757D800C1289D /* LaunchScreen.storyboard */,
				1AB1DEB51F1757D800C1289D /* Info.plist */,
			);
			name = Autogen;
			sourceTree = "<group>";
		};
		271775C13B3A50D69C79F468 /* Pods */ = {
			isa = PBXGroup;
			children = (
				6C73766C9514F49CBFB6E41C /* Pods-TuppenceWeather.debug.xcconfig */,
				B23A1A07C00F1B6D5EF1066D /* Pods-TuppenceWeather.release.xcconfig */,
			);
			name = Pods;
			sourceTree = "<group>";
		};
		BE088AF5F934F617720908C2 /* Frameworks */ = {
			isa = PBXGroup;
			children = (
				D707457C08A4697D76F66A37 /* Pods_TuppenceWeather.framework */,
			);
			name = Frameworks;
			sourceTree = "<group>";
		};
/* End PBXGroup section */

/* Begin PBXNativeTarget section */
		1AB1DEA51F1757D800C1289D /* TuppenceWeather */ = {
			isa = PBXNativeTarget;
			buildConfigurationList = 1AB1DEC31F1757D800C1289D /* Build configuration list for PBXNativeTarget "TuppenceWeather" */;
			buildPhases = (
				0A9E41A2BE81EA486907FE68 /* [CP] Check Pods Manifest.lock */,
				1AB1DEA21F1757D800C1289D /* Sources */,
				1AB1DEA31F1757D800C1289D /* Frameworks */,
				1AB1DEA41F1757D800C1289D /* Resources */,
				88996873EFB5C6492FDD4971 /* [CP] Embed Pods Frameworks */,
				0B8EF8BB1B448A096FC3331E /* [CP] Copy Pods Resources */,
			);
			buildRules = (
			);
			dependencies = (
			);
			name = TuppenceWeather;
			productName = TuppenceWeather;
			productReference = 1AB1DEA61F1757D800C1289D /* TuppenceWeather.app */;
			productType = "com.apple.product-type.application";
		};
		1AB1DEB91F1757D800C1289D /* TuppenceWeatherTests */ = {
			isa = PBXNativeTarget;
			buildConfigurationList = 1AB1DEC61F1757D800C1289D /* Build configuration list for PBXNativeTarget "TuppenceWeatherTests" */;
			buildPhases = (
				1AB1DEB61F1757D800C1289D /* Sources */,
				1AB1DEB71F1757D800C1289D /* Frameworks */,
				1AB1DEB81F1757D800C1289D /* Resources */,
			);
			buildRules = (
			);
			dependencies = (
				1AB1DEBC1F1757D800C1289D /* PBXTargetDependency */,
			);
			name = TuppenceWeatherTests;
			productName = TuppenceWeatherTests;
			productReference = 1AB1DEBA1F1757D800C1289D /* TuppenceWeatherTests.xctest */;
			productType = "com.apple.product-type.bundle.unit-test";
		};
/* End PBXNativeTarget section */

/* Begin PBXProject section */
		1AB1DE9E1F1757D800C1289D /* Project object */ = {
			isa = PBXProject;
			attributes = {
				LastSwiftUpdateCheck = 0830;
				LastUpgradeCheck = 0830;
				ORGANIZATIONNAME = "James Birchall";
				TargetAttributes = {
					1AB1DEA51F1757D800C1289D = {
						CreatedOnToolsVersion = 8.3.3;
						DevelopmentTeam = XJTJGEN6DH;
						ProvisioningStyle = Automatic;
					};
					1AB1DEB91F1757D800C1289D = {
						CreatedOnToolsVersion = 8.3.3;
						DevelopmentTeam = XJTJGEN6DH;
						ProvisioningStyle = Automatic;
						TestTargetID = 1AB1DEA51F1757D800C1289D;
					};
				};
			};
			buildConfigurationList = 1AB1DEA11F1757D800C1289D /* Build configuration list for PBXProject "TuppenceWeather" */;
			compatibilityVersion = "Xcode 3.2";
			developmentRegion = English;
			hasScannedForEncodings = 0;
			knownRegions = (
				en,
				Base,
			);
			mainGroup = 1AB1DE9D1F1757D800C1289D;
			productRefGroup = 1AB1DEA71F1757D800C1289D /* Products */;
			projectDirPath = "";
			projectRoot = "";
			targets = (
				1AB1DEA51F1757D800C1289D /* TuppenceWeather */,
				1AB1DEB91F1757D800C1289D /* TuppenceWeatherTests */,
			);
		};
/* End PBXProject section */

/* Begin PBXResourcesBuildPhase section */
		1AB1DEA41F1757D800C1289D /* Resources */ = {
			isa = PBXResourcesBuildPhase;
			buildActionMask = 2147483647;
			files = (
				1AB1DEB41F1757D800C1289D /* LaunchScreen.storyboard in Resources */,
				1AB1DEB11F1757D800C1289D /* Assets.xcassets in Resources */,
				1AB1DEAF1F1757D800C1289D /* Main.storyboard in Resources */,
			);
			runOnlyForDeploymentPostprocessing = 0;
		};
		1AB1DEB81F1757D800C1289D /* Resources */ = {
			isa = PBXResourcesBuildPhase;
			buildActionMask = 2147483647;
			files = (
			);
			runOnlyForDeploymentPostprocessing = 0;
		};
/* End PBXResourcesBuildPhase section */

/* Begin PBXShellScriptBuildPhase section */
		0A9E41A2BE81EA486907FE68 /* [CP] Check Pods Manifest.lock */ = {
			isa = PBXShellScriptBuildPhase;
			buildActionMask = 2147483647;
			files = (
			);
			inputPaths = (
			);
			name = "[CP] Check Pods Manifest.lock";
			outputPaths = (
			);
			runOnlyForDeploymentPostprocessing = 0;
			shellPath = /bin/sh;
			shellScript = "diff \"${PODS_PODFILE_DIR_PATH}/Podfile.lock\" \"${PODS_ROOT}/Manifest.lock\" > /dev/null\nif [ $? != 0 ] ; then\n    # print error to STDERR\n    echo \"error: The sandbox is not in sync with the Podfile.lock. Run 'pod install' or update your CocoaPods installation.\" >&2\n    exit 1\nfi\n";
			showEnvVarsInLog = 0;
		};
		0B8EF8BB1B448A096FC3331E /* [CP] Copy Pods Resources */ = {
			isa = PBXShellScriptBuildPhase;
			buildActionMask = 2147483647;
			files = (
			);
			inputPaths = (
			);
			name = "[CP] Copy Pods Resources";
			outputPaths = (
			);
			runOnlyForDeploymentPostprocessing = 0;
			shellPath = /bin/sh;
			shellScript = "\"${SRCROOT}/Pods/Target Support Files/Pods-TuppenceWeather/Pods-TuppenceWeather-resources.sh\"\n";
			showEnvVarsInLog = 0;
		};
		88996873EFB5C6492FDD4971 /* [CP] Embed Pods Frameworks */ = {
			isa = PBXShellScriptBuildPhase;
			buildActionMask = 2147483647;
			files = (
			);
			inputPaths = (
			);
			name = "[CP] Embed Pods Frameworks";
			outputPaths = (
			);
			runOnlyForDeploymentPostprocessing = 0;
			shellPath = /bin/sh;
			shellScript = "\"${SRCROOT}/Pods/Target Support Files/Pods-TuppenceWeather/Pods-TuppenceWeather-frameworks.sh\"\n";
			showEnvVarsInLog = 0;
		};
/* End PBXShellScriptBuildPhase section */

/* Begin PBXSourcesBuildPhase section */
		1AB1DEA21F1757D800C1289D /* Sources */ = {
			isa = PBXSourcesBuildPhase;
			buildActionMask = 2147483647;
			files = (
				1AB71CCF1F23E4B7004FAB1F /* Forecast.swift in Sources */,
				1A98112D1F1BFA67003097E9 /* Constants.swift in Sources */,
				1AF8F3A01F1BD18100AEC49F /* WeatherTableViewCell.swift in Sources */,
				1AB71CCD1F23E09A004FAB1F /* Forecasts.swift in Sources */,
				1A4AEA051F24C60B0045B534 /* Location.swift in Sources */,
				1A6C84321F20024C00F990E2 /* OpenWeatherAPIKey.swift in Sources */,
				1AB1DEAC1F1757D800C1289D /* WeatherViewController.swift in Sources */,
				1A6C84341F20033F00F990E2 /* CurrentWeather.swift in Sources */,
				1AB1DEAA1F1757D800C1289D /* AppDelegate.swift in Sources */,
			);
			runOnlyForDeploymentPostprocessing = 0;
		};
		1AB1DEB61F1757D800C1289D /* Sources */ = {
			isa = PBXSourcesBuildPhase;
			buildActionMask = 2147483647;
			files = (
				1AB1DEBF1F1757D800C1289D /* TuppenceWeatherTests.swift in Sources */,
			);
			runOnlyForDeploymentPostprocessing = 0;
		};
/* End PBXSourcesBuildPhase section */

/* Begin PBXTargetDependency section */
		1AB1DEBC1F1757D800C1289D /* PBXTargetDependency */ = {
			isa = PBXTargetDependency;
			target = 1AB1DEA51F1757D800C1289D /* TuppenceWeather */;
			targetProxy = 1AB1DEBB1F1757D800C1289D /* PBXContainerItemProxy */;
		};
/* End PBXTargetDependency section */

/* Begin PBXVariantGroup section */
		1AB1DEAD1F1757D800C1289D /* Main.storyboard */ = {
			isa = PBXVariantGroup;
			children = (
				1AB1DEAE1F1757D800C1289D /* Base */,
			);
			name = Main.storyboard;
			sourceTree = "<group>";
		};
		1AB1DEB21F1757D800C1289D /* LaunchScreen.storyboard */ = {
			isa = PBXVariantGroup;
			children = (
				1AB1DEB31F1757D800C1289D /* Base */,
			);
			name = LaunchScreen.storyboard;
			sourceTree = "<group>";
		};
/* End PBXVariantGroup section */

/* Begin XCBuildConfiguration section */
		1AB1DEC11F1757D800C1289D /* Debug */ = {
			isa = XCBuildConfiguration;
			buildSettings = {
				ALWAYS_SEARCH_USER_PATHS = NO;
				CLANG_ANALYZER_NONNULL = YES;
				CLANG_ANALYZER_NUMBER_OBJECT_CONVERSION = YES_AGGRESSIVE;
				CLANG_CXX_LANGUAGE_STANDARD = "gnu++0x";
				CLANG_CXX_LIBRARY = "libc++";
				CLANG_ENABLE_MODULES = YES;
				CLANG_ENABLE_OBJC_ARC = YES;
				CLANG_WARN_BOOL_CONVERSION = YES;
				CLANG_WARN_CONSTANT_CONVERSION = YES;
				CLANG_WARN_DIRECT_OBJC_ISA_USAGE = YES_ERROR;
				CLANG_WARN_DOCUMENTATION_COMMENTS = YES;
				CLANG_WARN_EMPTY_BODY = YES;
				CLANG_WARN_ENUM_CONVERSION = YES;
				CLANG_WARN_INFINITE_RECURSION = YES;
				CLANG_WARN_INT_CONVERSION = YES;
				CLANG_WARN_OBJC_ROOT_CLASS = YES_ERROR;
				CLANG_WARN_SUSPICIOUS_MOVE = YES;
				CLANG_WARN_UNREACHABLE_CODE = YES;
				CLANG_WARN__DUPLICATE_METHOD_MATCH = YES;
				"CODE_SIGN_IDENTITY[sdk=iphoneos*]" = "iPhone Developer";
				COPY_PHASE_STRIP = NO;
				DEBUG_INFORMATION_FORMAT = dwarf;
				ENABLE_STRICT_OBJC_MSGSEND = YES;
				ENABLE_TESTABILITY = YES;
				GCC_C_LANGUAGE_STANDARD = gnu99;
				GCC_DYNAMIC_NO_PIC = NO;
				GCC_NO_COMMON_BLOCKS = YES;
				GCC_OPTIMIZATION_LEVEL = 0;
				GCC_PREPROCESSOR_DEFINITIONS = (
					"DEBUG=1",
					"$(inherited)",
				);
				GCC_WARN_64_TO_32_BIT_CONVERSION = YES;
				GCC_WARN_ABOUT_RETURN_TYPE = YES_ERROR;
				GCC_WARN_UNDECLARED_SELECTOR = YES;
				GCC_WARN_UNINITIALIZED_AUTOS = YES_AGGRESSIVE;
				GCC_WARN_UNUSED_FUNCTION = YES;
				GCC_WARN_UNUSED_VARIABLE = YES;
				IPHONEOS_DEPLOYMENT_TARGET = 10.3;
				MTL_ENABLE_DEBUG_INFO = YES;
				ONLY_ACTIVE_ARCH = YES;
				SDKROOT = iphoneos;
				SWIFT_ACTIVE_COMPILATION_CONDITIONS = DEBUG;
				SWIFT_OPTIMIZATION_LEVEL = "-Onone";
				TARGETED_DEVICE_FAMILY = "1,2";
			};
			name = Debug;
		};
		1AB1DEC21F1757D800C1289D /* Release */ = {
			isa = XCBuildConfiguration;
			buildSettings = {
				ALWAYS_SEARCH_USER_PATHS = NO;
				CLANG_ANALYZER_NONNULL = YES;
				CLANG_ANALYZER_NUMBER_OBJECT_CONVERSION = YES_AGGRESSIVE;
				CLANG_CXX_LANGUAGE_STANDARD = "gnu++0x";
				CLANG_CXX_LIBRARY = "libc++";
				CLANG_ENABLE_MODULES = YES;
				CLANG_ENABLE_OBJC_ARC = YES;
				CLANG_WARN_BOOL_CONVERSION = YES;
				CLANG_WARN_CONSTANT_CONVERSION = YES;
				CLANG_WARN_DIRECT_OBJC_ISA_USAGE = YES_ERROR;
				CLANG_WARN_DOCUMENTATION_COMMENTS = YES;
				CLANG_WARN_EMPTY_BODY = YES;
				CLANG_WARN_ENUM_CONVERSION = YES;
				CLANG_WARN_INFINITE_RECURSION = YES;
				CLANG_WARN_INT_CONVERSION = YES;
				CLANG_WARN_OBJC_ROOT_CLASS = YES_ERROR;
				CLANG_WARN_SUSPICIOUS_MOVE = YES;
				CLANG_WARN_UNREACHABLE_CODE = YES;
				CLANG_WARN__DUPLICATE_METHOD_MATCH = YES;
				"CODE_SIGN_IDENTITY[sdk=iphoneos*]" = "iPhone Developer";
				COPY_PHASE_STRIP = NO;
				DEBUG_INFORMATION_FORMAT = "dwarf-with-dsym";
				ENABLE_NS_ASSERTIONS = NO;
				ENABLE_STRICT_OBJC_MSGSEND = YES;
				GCC_C_LANGUAGE_STANDARD = gnu99;
				GCC_NO_COMMON_BLOCKS = YES;
				GCC_WARN_64_TO_32_BIT_CONVERSION = YES;
				GCC_WARN_ABOUT_RETURN_TYPE = YES_ERROR;
				GCC_WARN_UNDECLARED_SELECTOR = YES;
				GCC_WARN_UNINITIALIZED_AUTOS = YES_AGGRESSIVE;
				GCC_WARN_UNUSED_FUNCTION = YES;
				GCC_WARN_UNUSED_VARIABLE = YES;
				IPHONEOS_DEPLOYMENT_TARGET = 10.3;
				MTL_ENABLE_DEBUG_INFO = NO;
				SDKROOT = iphoneos;
				SWIFT_OPTIMIZATION_LEVEL = "-Owholemodule";
				TARGETED_DEVICE_FAMILY = "1,2";
				VALIDATE_PRODUCT = YES;
			};
			name = Release;
		};
		1AB1DEC41F1757D800C1289D /* Debug */ = {
			isa = XCBuildConfiguration;
			baseConfigurationReference = 6C73766C9514F49CBFB6E41C /* Pods-TuppenceWeather.debug.xcconfig */;
			buildSettings = {
				ASSETCATALOG_COMPILER_APPICON_NAME = AppIcon;
				DEVELOPMENT_TEAM = XJTJGEN6DH;
				INFOPLIST_FILE = TuppenceWeather/Info.plist;
				LD_RUNPATH_SEARCH_PATHS = "$(inherited) @executable_path/Frameworks";
				PRODUCT_BUNDLE_IDENTIFIER = com.smeestudio.udemy.TuppenceWeather;
				PRODUCT_NAME = "$(TARGET_NAME)";
				SWIFT_VERSION = 3.0;
			};
			name = Debug;
		};
		1AB1DEC51F1757D800C1289D /* Release */ = {
			isa = XCBuildConfiguration;
			baseConfigurationReference = B23A1A07C00F1B6D5EF1066D /* Pods-TuppenceWeather.release.xcconfig */;
			buildSettings = {
				ASSETCATALOG_COMPILER_APPICON_NAME = AppIcon;
				DEVELOPMENT_TEAM = XJTJGEN6DH;
				INFOPLIST_FILE = TuppenceWeather/Info.plist;
				LD_RUNPATH_SEARCH_PATHS = "$(inherited) @executable_path/Frameworks";
				PRODUCT_BUNDLE_IDENTIFIER = com.smeestudio.udemy.TuppenceWeather;
				PRODUCT_NAME = "$(TARGET_NAME)";
				SWIFT_VERSION = 3.0;
			};
			name = Release;
		};
		1AB1DEC71F1757D800C1289D /* Debug */ = {
			isa = XCBuildConfiguration;
			buildSettings = {
				ALWAYS_EMBED_SWIFT_STANDARD_LIBRARIES = YES;
				BUNDLE_LOADER = "$(TEST_HOST)";
				DEVELOPMENT_TEAM = XJTJGEN6DH;
				INFOPLIST_FILE = TuppenceWeatherTests/Info.plist;
				LD_RUNPATH_SEARCH_PATHS = "$(inherited) @executable_path/Frameworks @loader_path/Frameworks";
				PRODUCT_BUNDLE_IDENTIFIER = com.smeestudio.udemy.TuppenceWeatherTests;
				PRODUCT_NAME = "$(TARGET_NAME)";
				SWIFT_VERSION = 3.0;
				TEST_HOST = "$(BUILT_PRODUCTS_DIR)/TuppenceWeather.app/TuppenceWeather";
			};
			name = Debug;
		};
		1AB1DEC81F1757D800C1289D /* Release */ = {
			isa = XCBuildConfiguration;
			buildSettings = {
				ALWAYS_EMBED_SWIFT_STANDARD_LIBRARIES = YES;
				BUNDLE_LOADER = "$(TEST_HOST)";
				DEVELOPMENT_TEAM = XJTJGEN6DH;
				INFOPLIST_FILE = TuppenceWeatherTests/Info.plist;
				LD_RUNPATH_SEARCH_PATHS = "$(inherited) @executable_path/Frameworks @loader_path/Frameworks";
				PRODUCT_BUNDLE_IDENTIFIER = com.smeestudio.udemy.TuppenceWeatherTests;
				PRODUCT_NAME = "$(TARGET_NAME)";
				SWIFT_VERSION = 3.0;
				TEST_HOST = "$(BUILT_PRODUCTS_DIR)/TuppenceWeather.app/TuppenceWeather";
			};
			name = Release;
		};
/* End XCBuildConfiguration section */

/* Begin XCConfigurationList section */
		1AB1DEA11F1757D800C1289D /* Build configuration list for PBXProject "TuppenceWeather" */ = {
			isa = XCConfigurationList;
			buildConfigurations = (
				1AB1DEC11F1757D800C1289D /* Debug */,
				1AB1DEC21F1757D800C1289D /* Release */,
			);
			defaultConfigurationIsVisible = 0;
			defaultConfigurationName = Release;
		};
		1AB1DEC31F1757D800C1289D /* Build configuration list for PBXNativeTarget "TuppenceWeather" */ = {
			isa = XCConfigurationList;
			buildConfigurations = (
				1AB1DEC41F1757D800C1289D /* Debug */,
				1AB1DEC51F1757D800C1289D /* Release */,
			);
			defaultConfigurationIsVisible = 0;
			defaultConfigurationName = Release;
		};
		1AB1DEC61F1757D800C1289D /* Build configuration list for PBXNativeTarget "TuppenceWeatherTests" */ = {
			isa = XCConfigurationList;
			buildConfigurations = (
				1AB1DEC71F1757D800C1289D /* Debug */,
				1AB1DEC81F1757D800C1289D /* Release */,
			);
			defaultConfigurationIsVisible = 0;
			defaultConfigurationName = Release;
		};
/* End XCConfigurationList section */
	};
	rootObject = 1AB1DE9E1F1757D800C1289D /* Project object */;
}
